// !$*UTF8*$!
{
	archiveVersion = 1;
	classes = {
	};
	objectVersion = 56;
	objects = {

/* Begin PBXBuildFile section */
		8D8280B22B57152900BC7F02 /* CallView.swift in Sources */ = {isa = PBXBuildFile; fileRef = 8D8280B12B57152900BC7F02 /* CallView.swift */; };
		8D8280B52B5715F400BC7F02 /* Spacing.swift in Sources */ = {isa = PBXBuildFile; fileRef = 8D8280B42B5715F400BC7F02 /* Spacing.swift */; };
		8D8280B92B57165D00BC7F02 /* LocalizedStrings.swift in Sources */ = {isa = PBXBuildFile; fileRef = 8D8280B82B57165D00BC7F02 /* LocalizedStrings.swift */; };
		8D8280C52B57193C00BC7F02 /* Mirror+Extensions.swift in Sources */ = {isa = PBXBuildFile; fileRef = 8D8280C32B57193C00BC7F02 /* Mirror+Extensions.swift */; };
		8D8280C92B5719BA00BC7F02 /* CallViewModel.swift in Sources */ = {isa = PBXBuildFile; fileRef = 8D8280C82B5719BA00BC7F02 /* CallViewModel.swift */; };
		8D8280CC2B571A6D00BC7F02 /* CallProtocols.swift in Sources */ = {isa = PBXBuildFile; fileRef = 8D8280CB2B571A6D00BC7F02 /* CallProtocols.swift */; };
		8D8280CF2B573A4200BC7F02 /* AgoraKitSpy.swift in Sources */ = {isa = PBXBuildFile; fileRef = 8D8280CE2B573A4200BC7F02 /* AgoraKitSpy.swift */; };
		8D8280D12B573B4B00BC7F02 /* CommunicationManagerTests.swift in Sources */ = {isa = PBXBuildFile; fileRef = 8D8280D02B573B4B00BC7F02 /* CommunicationManagerTests.swift */; };
		8D8A2C362B569CD800F45E45 /* AppDelegate.swift in Sources */ = {isa = PBXBuildFile; fileRef = 8D8A2C352B569CD800F45E45 /* AppDelegate.swift */; };
		8D8A2C382B569CD800F45E45 /* SceneDelegate.swift in Sources */ = {isa = PBXBuildFile; fileRef = 8D8A2C372B569CD800F45E45 /* SceneDelegate.swift */; };
		8D8A2C3A2B569CD800F45E45 /* CallViewController.swift in Sources */ = {isa = PBXBuildFile; fileRef = 8D8A2C392B569CD800F45E45 /* CallViewController.swift */; };
		8D8A2C3F2B569CDB00F45E45 /* Assets.xcassets in Resources */ = {isa = PBXBuildFile; fileRef = 8D8A2C3E2B569CDB00F45E45 /* Assets.xcassets */; };
		8D8A2C422B569CDB00F45E45 /* LaunchScreen.storyboard in Resources */ = {isa = PBXBuildFile; fileRef = 8D8A2C402B569CDB00F45E45 /* LaunchScreen.storyboard */; };
		8D8A2C6A2B56A2A400F45E45 /* RtcBasic in Frameworks */ = {isa = PBXBuildFile; productRef = 8D8A2C692B56A2A400F45E45 /* RtcBasic */; };
		8D8A2C6E2B56D3AB00F45E45 /* CallingManager.swift in Sources */ = {isa = PBXBuildFile; fileRef = 8D8A2C6D2B56D3AB00F45E45 /* CallingManager.swift */; };
		8D8A2C702B56D3B600F45E45 /* NotificationManager.swift in Sources */ = {isa = PBXBuildFile; fileRef = 8D8A2C6F2B56D3B600F45E45 /* NotificationManager.swift */; };
		8D8A2C722B56D3C400F45E45 /* CommunicationManager.swift in Sources */ = {isa = PBXBuildFile; fileRef = 8D8A2C712B56D3C400F45E45 /* CommunicationManager.swift */; };
		8D8A2C752B56D9B500F45E45 /* UIApplicationProtocol.swift in Sources */ = {isa = PBXBuildFile; fileRef = 8D8A2C742B56D9B500F45E45 /* UIApplicationProtocol.swift */; };
		8D8A2C782B56E2FC00F45E45 /* AgoraKitProtocol.swift in Sources */ = {isa = PBXBuildFile; fileRef = 8D8A2C772B56E2FC00F45E45 /* AgoraKitProtocol.swift */; };
		8D8A2C7A2B56EA7500F45E45 /* PermissionsManager.swift in Sources */ = {isa = PBXBuildFile; fileRef = 8D8A2C792B56EA7500F45E45 /* PermissionsManager.swift */; };
		8DE4965A2B573CE500FA0DC9 /* UIApplicationSpy.swift in Sources */ = {isa = PBXBuildFile; fileRef = 8DE496592B573CE500FA0DC9 /* UIApplicationSpy.swift */; };
		8DE4965D2B573D6A00FA0DC9 /* Quick in Frameworks */ = {isa = PBXBuildFile; productRef = 8DE4965C2B573D6A00FA0DC9 /* Quick */; };
		8DE496602B573D8700FA0DC9 /* Nimble in Frameworks */ = {isa = PBXBuildFile; productRef = 8DE4965F2B573D8700FA0DC9 /* Nimble */; };
		8DE496622B5750E300FA0DC9 /* DispatchQueueProtocol.swift in Sources */ = {isa = PBXBuildFile; fileRef = 8DE496612B5750E300FA0DC9 /* DispatchQueueProtocol.swift */; };
		8DE496642B5752F500FA0DC9 /* DispatchQueueMock.swift in Sources */ = {isa = PBXBuildFile; fileRef = 8DE496632B5752F500FA0DC9 /* DispatchQueueMock.swift */; };
		8DE496672B575E0600FA0DC9 /* CallingManagerSpy.swift in Sources */ = {isa = PBXBuildFile; fileRef = 8DE496662B575E0600FA0DC9 /* CallingManagerSpy.swift */; };
		8DE496692B575E7500FA0DC9 /* CallViewModelTests.swift in Sources */ = {isa = PBXBuildFile; fileRef = 8DE496682B575E7500FA0DC9 /* CallViewModelTests.swift */; };
		8DE4966B2B57606600FA0DC9 /* CXProviderProtocol.swift in Sources */ = {isa = PBXBuildFile; fileRef = 8DE4966A2B57606600FA0DC9 /* CXProviderProtocol.swift */; };
		8DE4966D2B57630000FA0DC9 /* CallingManagerTests.swift in Sources */ = {isa = PBXBuildFile; fileRef = 8DE4966C2B57630000FA0DC9 /* CallingManagerTests.swift */; };
		8DE4966F2B57632100FA0DC9 /* CommunicationManagerSpy.swift in Sources */ = {isa = PBXBuildFile; fileRef = 8DE4966E2B57632100FA0DC9 /* CommunicationManagerSpy.swift */; };
		8DE496712B57644800FA0DC9 /* PermissionsManagerSpy.swift in Sources */ = {isa = PBXBuildFile; fileRef = 8DE496702B57644800FA0DC9 /* PermissionsManagerSpy.swift */; };
		8DE496732B57649400FA0DC9 /* ProviderSpy.swift in Sources */ = {isa = PBXBuildFile; fileRef = 8DE496722B57649400FA0DC9 /* ProviderSpy.swift */; };
		8DE496762B576C3600FA0DC9 /* CallViewControllerTests.swift in Sources */ = {isa = PBXBuildFile; fileRef = 8DE496752B576C3600FA0DC9 /* CallViewControllerTests.swift */; };
		8DE496782B576C5500FA0DC9 /* CallViewModelSpy.swift in Sources */ = {isa = PBXBuildFile; fileRef = 8DE496772B576C5500FA0DC9 /* CallViewModelSpy.swift */; };
		8DE4967A2B576EE700FA0DC9 /* CallViewTests.swift in Sources */ = {isa = PBXBuildFile; fileRef = 8DE496792B576EE700FA0DC9 /* CallViewTests.swift */; };
		8DE4967C2B576FE000FA0DC9 /* NotificationManagerTests.swift in Sources */ = {isa = PBXBuildFile; fileRef = 8DE4967B2B576FE000FA0DC9 /* NotificationManagerTests.swift */; };
		8DE4967D2B5773E900FA0DC9 /* Localizable.strings in Resources */ = {isa = PBXBuildFile; fileRef = 8DE4967F2B5773E900FA0DC9 /* Localizable.strings */; };
/* End PBXBuildFile section */

/* Begin PBXContainerItemProxy section */
		8D8A2C492B569CDB00F45E45 /* PBXContainerItemProxy */ = {
			isa = PBXContainerItemProxy;
			containerPortal = 8D8A2C2A2B569CD800F45E45 /* Project object */;
			proxyType = 1;
			remoteGlobalIDString = 8D8A2C312B569CD800F45E45;
			remoteInfo = CallMeMaybe;
		};
/* End PBXContainerItemProxy section */

/* Begin PBXFileReference section */
		8D8280B12B57152900BC7F02 /* CallView.swift */ = {isa = PBXFileReference; lastKnownFileType = sourcecode.swift; path = CallView.swift; sourceTree = "<group>"; };
		8D8280B42B5715F400BC7F02 /* Spacing.swift */ = {isa = PBXFileReference; lastKnownFileType = sourcecode.swift; path = Spacing.swift; sourceTree = "<group>"; };
		8D8280B82B57165D00BC7F02 /* LocalizedStrings.swift */ = {isa = PBXFileReference; lastKnownFileType = sourcecode.swift; path = LocalizedStrings.swift; sourceTree = "<group>"; };
		8D8280C32B57193C00BC7F02 /* Mirror+Extensions.swift */ = {isa = PBXFileReference; fileEncoding = 4; lastKnownFileType = sourcecode.swift; path = "Mirror+Extensions.swift"; sourceTree = "<group>"; };
		8D8280C82B5719BA00BC7F02 /* CallViewModel.swift */ = {isa = PBXFileReference; lastKnownFileType = sourcecode.swift; path = CallViewModel.swift; sourceTree = "<group>"; };
		8D8280CB2B571A6D00BC7F02 /* CallProtocols.swift */ = {isa = PBXFileReference; lastKnownFileType = sourcecode.swift; path = CallProtocols.swift; sourceTree = "<group>"; };
		8D8280CE2B573A4200BC7F02 /* AgoraKitSpy.swift */ = {isa = PBXFileReference; lastKnownFileType = sourcecode.swift; path = AgoraKitSpy.swift; sourceTree = "<group>"; };
		8D8280D02B573B4B00BC7F02 /* CommunicationManagerTests.swift */ = {isa = PBXFileReference; lastKnownFileType = sourcecode.swift; path = CommunicationManagerTests.swift; sourceTree = "<group>"; };
		8D8A2C322B569CD800F45E45 /* CallMeMaybe.app */ = {isa = PBXFileReference; explicitFileType = wrapper.application; includeInIndex = 0; path = CallMeMaybe.app; sourceTree = BUILT_PRODUCTS_DIR; };
		8D8A2C352B569CD800F45E45 /* AppDelegate.swift */ = {isa = PBXFileReference; lastKnownFileType = sourcecode.swift; path = AppDelegate.swift; sourceTree = "<group>"; };
		8D8A2C372B569CD800F45E45 /* SceneDelegate.swift */ = {isa = PBXFileReference; lastKnownFileType = sourcecode.swift; path = SceneDelegate.swift; sourceTree = "<group>"; };
		8D8A2C392B569CD800F45E45 /* CallViewController.swift */ = {isa = PBXFileReference; lastKnownFileType = sourcecode.swift; path = CallViewController.swift; sourceTree = "<group>"; };
		8D8A2C3E2B569CDB00F45E45 /* Assets.xcassets */ = {isa = PBXFileReference; lastKnownFileType = folder.assetcatalog; path = Assets.xcassets; sourceTree = "<group>"; };
		8D8A2C412B569CDB00F45E45 /* Base */ = {isa = PBXFileReference; lastKnownFileType = file.storyboard; name = Base; path = Base.lproj/LaunchScreen.storyboard; sourceTree = "<group>"; };
		8D8A2C432B569CDB00F45E45 /* Info.plist */ = {isa = PBXFileReference; lastKnownFileType = text.plist.xml; path = Info.plist; sourceTree = "<group>"; };
		8D8A2C482B569CDB00F45E45 /* CallMeMaybeTests.xctest */ = {isa = PBXFileReference; explicitFileType = wrapper.cfbundle; includeInIndex = 0; path = CallMeMaybeTests.xctest; sourceTree = BUILT_PRODUCTS_DIR; };
		8D8A2C6D2B56D3AB00F45E45 /* CallingManager.swift */ = {isa = PBXFileReference; lastKnownFileType = sourcecode.swift; path = CallingManager.swift; sourceTree = "<group>"; };
		8D8A2C6F2B56D3B600F45E45 /* NotificationManager.swift */ = {isa = PBXFileReference; lastKnownFileType = sourcecode.swift; path = NotificationManager.swift; sourceTree = "<group>"; };
		8D8A2C712B56D3C400F45E45 /* CommunicationManager.swift */ = {isa = PBXFileReference; lastKnownFileType = sourcecode.swift; path = CommunicationManager.swift; sourceTree = "<group>"; };
		8D8A2C742B56D9B500F45E45 /* UIApplicationProtocol.swift */ = {isa = PBXFileReference; lastKnownFileType = sourcecode.swift; path = UIApplicationProtocol.swift; sourceTree = "<group>"; };
		8D8A2C772B56E2FC00F45E45 /* AgoraKitProtocol.swift */ = {isa = PBXFileReference; lastKnownFileType = sourcecode.swift; path = AgoraKitProtocol.swift; sourceTree = "<group>"; };
		8D8A2C792B56EA7500F45E45 /* PermissionsManager.swift */ = {isa = PBXFileReference; lastKnownFileType = sourcecode.swift; path = PermissionsManager.swift; sourceTree = "<group>"; };
		8D8A2C7B2B5706CA00F45E45 /* CallMeMaybe.entitlements */ = {isa = PBXFileReference; fileEncoding = 4; lastKnownFileType = text.plist.entitlements; path = CallMeMaybe.entitlements; sourceTree = "<group>"; };
		8DE496592B573CE500FA0DC9 /* UIApplicationSpy.swift */ = {isa = PBXFileReference; lastKnownFileType = sourcecode.swift; path = UIApplicationSpy.swift; sourceTree = "<group>"; };
		8DE496612B5750E300FA0DC9 /* DispatchQueueProtocol.swift */ = {isa = PBXFileReference; lastKnownFileType = sourcecode.swift; path = DispatchQueueProtocol.swift; sourceTree = "<group>"; };
		8DE496632B5752F500FA0DC9 /* DispatchQueueMock.swift */ = {isa = PBXFileReference; lastKnownFileType = sourcecode.swift; path = DispatchQueueMock.swift; sourceTree = "<group>"; };
		8DE496662B575E0600FA0DC9 /* CallingManagerSpy.swift */ = {isa = PBXFileReference; lastKnownFileType = sourcecode.swift; path = CallingManagerSpy.swift; sourceTree = "<group>"; };
		8DE496682B575E7500FA0DC9 /* CallViewModelTests.swift */ = {isa = PBXFileReference; lastKnownFileType = sourcecode.swift; path = CallViewModelTests.swift; sourceTree = "<group>"; };
		8DE4966A2B57606600FA0DC9 /* CXProviderProtocol.swift */ = {isa = PBXFileReference; lastKnownFileType = sourcecode.swift; path = CXProviderProtocol.swift; sourceTree = "<group>"; };
		8DE4966C2B57630000FA0DC9 /* CallingManagerTests.swift */ = {isa = PBXFileReference; lastKnownFileType = sourcecode.swift; path = CallingManagerTests.swift; sourceTree = "<group>"; };
		8DE4966E2B57632100FA0DC9 /* CommunicationManagerSpy.swift */ = {isa = PBXFileReference; lastKnownFileType = sourcecode.swift; path = CommunicationManagerSpy.swift; sourceTree = "<group>"; };
		8DE496702B57644800FA0DC9 /* PermissionsManagerSpy.swift */ = {isa = PBXFileReference; lastKnownFileType = sourcecode.swift; path = PermissionsManagerSpy.swift; sourceTree = "<group>"; };
		8DE496722B57649400FA0DC9 /* ProviderSpy.swift */ = {isa = PBXFileReference; lastKnownFileType = sourcecode.swift; path = ProviderSpy.swift; sourceTree = "<group>"; };
		8DE496742B576B0400FA0DC9 /* CallMeMaybe.xctestplan */ = {isa = PBXFileReference; lastKnownFileType = text; path = CallMeMaybe.xctestplan; sourceTree = "<group>"; };
		8DE496752B576C3600FA0DC9 /* CallViewControllerTests.swift */ = {isa = PBXFileReference; lastKnownFileType = sourcecode.swift; path = CallViewControllerTests.swift; sourceTree = "<group>"; };
		8DE496772B576C5500FA0DC9 /* CallViewModelSpy.swift */ = {isa = PBXFileReference; lastKnownFileType = sourcecode.swift; path = CallViewModelSpy.swift; sourceTree = "<group>"; };
		8DE496792B576EE700FA0DC9 /* CallViewTests.swift */ = {isa = PBXFileReference; lastKnownFileType = sourcecode.swift; path = CallViewTests.swift; sourceTree = "<group>"; };
		8DE4967B2B576FE000FA0DC9 /* NotificationManagerTests.swift */ = {isa = PBXFileReference; lastKnownFileType = sourcecode.swift; path = NotificationManagerTests.swift; sourceTree = "<group>"; };
		8DE4967E2B5773E900FA0DC9 /* en */ = {isa = PBXFileReference; lastKnownFileType = text.plist.strings; name = en; path = en.lproj/Localizable.strings; sourceTree = "<group>"; };
		8DE496802B57741E00FA0DC9 /* pt-BR */ = {isa = PBXFileReference; lastKnownFileType = text.plist.strings; name = "pt-BR"; path = "pt-BR.lproj/Localizable.strings"; sourceTree = "<group>"; };
/* End PBXFileReference section */

/* Begin PBXFrameworksBuildPhase section */
		8D8A2C2F2B569CD800F45E45 /* Frameworks */ = {
			isa = PBXFrameworksBuildPhase;
			buildActionMask = 2147483647;
			files = (
				8D8A2C6A2B56A2A400F45E45 /* RtcBasic in Frameworks */,
			);
			runOnlyForDeploymentPostprocessing = 0;
		};
		8D8A2C452B569CDB00F45E45 /* Frameworks */ = {
			isa = PBXFrameworksBuildPhase;
			buildActionMask = 2147483647;
			files = (
				8DE4965D2B573D6A00FA0DC9 /* Quick in Frameworks */,
				8DE496602B573D8700FA0DC9 /* Nimble in Frameworks */,
			);
			runOnlyForDeploymentPostprocessing = 0;
		};
/* End PBXFrameworksBuildPhase section */

/* Begin PBXGroup section */
		8D8280B32B5715E000BC7F02 /* Utils */ = {
			isa = PBXGroup;
			children = (
				8D8280B42B5715F400BC7F02 /* Spacing.swift */,
			);
			path = Utils;
			sourceTree = "<group>";
		};
		8D8280C12B57193C00BC7F02 /* Utils */ = {
			isa = PBXGroup;
			children = (
				8D8280C32B57193C00BC7F02 /* Mirror+Extensions.swift */,
			);
			path = Utils;
			sourceTree = "<group>";
		};
		8D8280C62B57194100BC7F02 /* Scenes */ = {
			isa = PBXGroup;
			children = (
				8DE496652B575DFA00FA0DC9 /* Doubles */,
				8DE496682B575E7500FA0DC9 /* CallViewModelTests.swift */,
				8DE496752B576C3600FA0DC9 /* CallViewControllerTests.swift */,
				8DE496792B576EE700FA0DC9 /* CallViewTests.swift */,
			);
			path = Scenes;
			sourceTree = "<group>";
		};
		8D8280C72B57194800BC7F02 /* Managers */ = {
			isa = PBXGroup;
			children = (
				8D8280CD2B573A2A00BC7F02 /* Doubles */,
				8D8280D02B573B4B00BC7F02 /* CommunicationManagerTests.swift */,
				8DE4966C2B57630000FA0DC9 /* CallingManagerTests.swift */,
				8DE4967B2B576FE000FA0DC9 /* NotificationManagerTests.swift */,
			);
			path = Managers;
			sourceTree = "<group>";
		};
		8D8280CD2B573A2A00BC7F02 /* Doubles */ = {
			isa = PBXGroup;
			children = (
				8D8280CE2B573A4200BC7F02 /* AgoraKitSpy.swift */,
				8DE496592B573CE500FA0DC9 /* UIApplicationSpy.swift */,
				8DE496632B5752F500FA0DC9 /* DispatchQueueMock.swift */,
				8DE4966E2B57632100FA0DC9 /* CommunicationManagerSpy.swift */,
				8DE496702B57644800FA0DC9 /* PermissionsManagerSpy.swift */,
				8DE496722B57649400FA0DC9 /* ProviderSpy.swift */,
			);
			path = Doubles;
			sourceTree = "<group>";
		};
		8D8A2C292B569CD800F45E45 = {
			isa = PBXGroup;
			children = (
				8D8A2C342B569CD800F45E45 /* CallMeMaybe */,
				8D8A2C4B2B569CDB00F45E45 /* CallMeMaybeTests */,
				8D8A2C332B569CD800F45E45 /* Products */,
				8D8A2C682B56A2A400F45E45 /* Frameworks */,
			);
			sourceTree = "<group>";
		};
		8D8A2C332B569CD800F45E45 /* Products */ = {
			isa = PBXGroup;
			children = (
				8D8A2C322B569CD800F45E45 /* CallMeMaybe.app */,
				8D8A2C482B569CDB00F45E45 /* CallMeMaybeTests.xctest */,
			);
			name = Products;
			sourceTree = "<group>";
		};
		8D8A2C342B569CD800F45E45 /* CallMeMaybe */ = {
			isa = PBXGroup;
			children = (
				8D8A2C6B2B56D37A00F45E45 /* Scenes */,
				8D8A2C732B56D5F900F45E45 /* Managers */,
				8D8A2C762B56E2EE00F45E45 /* Extensions */,
				8D8280B32B5715E000BC7F02 /* Utils */,
				8D8A2C662B569D7400F45E45 /* Resources */,
				8D8A2C652B569D6700F45E45 /* App */,
			);
			path = CallMeMaybe;
			sourceTree = "<group>";
		};
		8D8A2C4B2B569CDB00F45E45 /* CallMeMaybeTests */ = {
			isa = PBXGroup;
			children = (
				8DE496742B576B0400FA0DC9 /* CallMeMaybe.xctestplan */,
				8D8280C72B57194800BC7F02 /* Managers */,
				8D8280C62B57194100BC7F02 /* Scenes */,
				8D8280C12B57193C00BC7F02 /* Utils */,
			);
			path = CallMeMaybeTests;
			sourceTree = "<group>";
		};
		8D8A2C652B569D6700F45E45 /* App */ = {
			isa = PBXGroup;
			children = (
				8D8A2C352B569CD800F45E45 /* AppDelegate.swift */,
				8D8A2C372B569CD800F45E45 /* SceneDelegate.swift */,
			);
			path = App;
			sourceTree = "<group>";
		};
		8D8A2C662B569D7400F45E45 /* Resources */ = {
			isa = PBXGroup;
			children = (
				8D8A2C7B2B5706CA00F45E45 /* CallMeMaybe.entitlements */,
				8D8A2C3E2B569CDB00F45E45 /* Assets.xcassets */,
				8D8A2C402B569CDB00F45E45 /* LaunchScreen.storyboard */,
				8D8A2C432B569CDB00F45E45 /* Info.plist */,
				8DE4967F2B5773E900FA0DC9 /* Localizable.strings */,
				8D8280B82B57165D00BC7F02 /* LocalizedStrings.swift */,
			);
			path = Resources;
			sourceTree = "<group>";
		};
		8D8A2C682B56A2A400F45E45 /* Frameworks */ = {
			isa = PBXGroup;
			children = (
			);
			name = Frameworks;
			sourceTree = "<group>";
		};
		8D8A2C6B2B56D37A00F45E45 /* Scenes */ = {
			isa = PBXGroup;
			children = (
				8D8A2C6C2B56D38100F45E45 /* Call */,
			);
			path = Scenes;
			sourceTree = "<group>";
		};
		8D8A2C6C2B56D38100F45E45 /* Call */ = {
			isa = PBXGroup;
			children = (
				8D8A2C392B569CD800F45E45 /* CallViewController.swift */,
				8D8280B12B57152900BC7F02 /* CallView.swift */,
				8D8280C82B5719BA00BC7F02 /* CallViewModel.swift */,
				8D8280CB2B571A6D00BC7F02 /* CallProtocols.swift */,
			);
			path = Call;
			sourceTree = "<group>";
		};
		8D8A2C732B56D5F900F45E45 /* Managers */ = {
			isa = PBXGroup;
			children = (
				8D8A2C6D2B56D3AB00F45E45 /* CallingManager.swift */,
				8D8A2C712B56D3C400F45E45 /* CommunicationManager.swift */,
				8D8A2C6F2B56D3B600F45E45 /* NotificationManager.swift */,
				8D8A2C792B56EA7500F45E45 /* PermissionsManager.swift */,
			);
			path = Managers;
			sourceTree = "<group>";
		};
		8D8A2C762B56E2EE00F45E45 /* Extensions */ = {
			isa = PBXGroup;
			children = (
				8D8A2C742B56D9B500F45E45 /* UIApplicationProtocol.swift */,
				8D8A2C772B56E2FC00F45E45 /* AgoraKitProtocol.swift */,
				8DE496612B5750E300FA0DC9 /* DispatchQueueProtocol.swift */,
				8DE4966A2B57606600FA0DC9 /* CXProviderProtocol.swift */,
			);
			path = Extensions;
			sourceTree = "<group>";
		};
		8DE496652B575DFA00FA0DC9 /* Doubles */ = {
			isa = PBXGroup;
			children = (
				8DE496662B575E0600FA0DC9 /* CallingManagerSpy.swift */,
				8DE496772B576C5500FA0DC9 /* CallViewModelSpy.swift */,
			);
			path = Doubles;
			sourceTree = "<group>";
		};
/* End PBXGroup section */

/* Begin PBXNativeTarget section */
		8D8A2C312B569CD800F45E45 /* CallMeMaybe */ = {
			isa = PBXNativeTarget;
			buildConfigurationList = 8D8A2C5C2B569CDB00F45E45 /* Build configuration list for PBXNativeTarget "CallMeMaybe" */;
			buildPhases = (
				8D8A2C2E2B569CD800F45E45 /* Sources */,
				8D8A2C2F2B569CD800F45E45 /* Frameworks */,
				8D8A2C302B569CD800F45E45 /* Resources */,
			);
			buildRules = (
			);
			dependencies = (
			);
			name = CallMeMaybe;
			packageProductDependencies = (
				8D8A2C692B56A2A400F45E45 /* RtcBasic */,
			);
			productName = CallMeMaybe;
			productReference = 8D8A2C322B569CD800F45E45 /* CallMeMaybe.app */;
			productType = "com.apple.product-type.application";
		};
		8D8A2C472B569CDB00F45E45 /* CallMeMaybeTests */ = {
			isa = PBXNativeTarget;
			buildConfigurationList = 8D8A2C5F2B569CDB00F45E45 /* Build configuration list for PBXNativeTarget "CallMeMaybeTests" */;
			buildPhases = (
				8D8A2C442B569CDB00F45E45 /* Sources */,
				8D8A2C452B569CDB00F45E45 /* Frameworks */,
				8D8A2C462B569CDB00F45E45 /* Resources */,
			);
			buildRules = (
			);
			dependencies = (
				8D8A2C4A2B569CDB00F45E45 /* PBXTargetDependency */,
			);
			name = CallMeMaybeTests;
			packageProductDependencies = (
				8DE4965C2B573D6A00FA0DC9 /* Quick */,
				8DE4965F2B573D8700FA0DC9 /* Nimble */,
			);
			productName = CallMeMaybeTests;
			productReference = 8D8A2C482B569CDB00F45E45 /* CallMeMaybeTests.xctest */;
			productType = "com.apple.product-type.bundle.unit-test";
		};
/* End PBXNativeTarget section */

/* Begin PBXProject section */
		8D8A2C2A2B569CD800F45E45 /* Project object */ = {
			isa = PBXProject;
			attributes = {
				BuildIndependentTargetsInParallel = 1;
				LastSwiftUpdateCheck = 1430;
				LastUpgradeCheck = 1430;
				TargetAttributes = {
					8D8A2C312B569CD800F45E45 = {
						CreatedOnToolsVersion = 14.3.1;
					};
					8D8A2C472B569CDB00F45E45 = {
						CreatedOnToolsVersion = 14.3.1;
						TestTargetID = 8D8A2C312B569CD800F45E45;
					};
				};
			};
			buildConfigurationList = 8D8A2C2D2B569CD800F45E45 /* Build configuration list for PBXProject "CallMeMaybe" */;
			compatibilityVersion = "Xcode 14.0";
			developmentRegion = en;
			hasScannedForEncodings = 0;
			knownRegions = (
				en,
				Base,
				"pt-BR",
			);
			mainGroup = 8D8A2C292B569CD800F45E45;
			packageReferences = (
				8D8A2C672B56A20400F45E45 /* XCRemoteSwiftPackageReference "AgoraRtcEngine_iOS" */,
				8DE4965B2B573D6A00FA0DC9 /* XCRemoteSwiftPackageReference "Quick" */,
				8DE4965E2B573D8700FA0DC9 /* XCRemoteSwiftPackageReference "Nimble" */,
			);
			productRefGroup = 8D8A2C332B569CD800F45E45 /* Products */;
			projectDirPath = "";
			projectRoot = "";
			targets = (
				8D8A2C312B569CD800F45E45 /* CallMeMaybe */,
				8D8A2C472B569CDB00F45E45 /* CallMeMaybeTests */,
			);
		};
/* End PBXProject section */

/* Begin PBXResourcesBuildPhase section */
		8D8A2C302B569CD800F45E45 /* Resources */ = {
			isa = PBXResourcesBuildPhase;
			buildActionMask = 2147483647;
			files = (
				8D8A2C422B569CDB00F45E45 /* LaunchScreen.storyboard in Resources */,
				8DE4967D2B5773E900FA0DC9 /* Localizable.strings in Resources */,
				8D8A2C3F2B569CDB00F45E45 /* Assets.xcassets in Resources */,
			);
			runOnlyForDeploymentPostprocessing = 0;
		};
		8D8A2C462B569CDB00F45E45 /* Resources */ = {
			isa = PBXResourcesBuildPhase;
			buildActionMask = 2147483647;
			files = (
			);
			runOnlyForDeploymentPostprocessing = 0;
		};
/* End PBXResourcesBuildPhase section */

/* Begin PBXSourcesBuildPhase section */
		8D8A2C2E2B569CD800F45E45 /* Sources */ = {
			isa = PBXSourcesBuildPhase;
			buildActionMask = 2147483647;
			files = (
				8DE4966B2B57606600FA0DC9 /* CXProviderProtocol.swift in Sources */,
				8D8A2C6E2B56D3AB00F45E45 /* CallingManager.swift in Sources */,
				8D8280B52B5715F400BC7F02 /* Spacing.swift in Sources */,
				8D8280C92B5719BA00BC7F02 /* CallViewModel.swift in Sources */,
				8D8A2C3A2B569CD800F45E45 /* CallViewController.swift in Sources */,
				8D8A2C722B56D3C400F45E45 /* CommunicationManager.swift in Sources */,
				8D8A2C702B56D3B600F45E45 /* NotificationManager.swift in Sources */,
				8D8A2C362B569CD800F45E45 /* AppDelegate.swift in Sources */,
				8D8A2C782B56E2FC00F45E45 /* AgoraKitProtocol.swift in Sources */,
				8D8A2C382B569CD800F45E45 /* SceneDelegate.swift in Sources */,
				8D8A2C752B56D9B500F45E45 /* UIApplicationProtocol.swift in Sources */,
				8DE496622B5750E300FA0DC9 /* DispatchQueueProtocol.swift in Sources */,
				8D8280B22B57152900BC7F02 /* CallView.swift in Sources */,
				8D8280B92B57165D00BC7F02 /* LocalizedStrings.swift in Sources */,
				8D8A2C7A2B56EA7500F45E45 /* PermissionsManager.swift in Sources */,
				8D8280CC2B571A6D00BC7F02 /* CallProtocols.swift in Sources */,
			);
			runOnlyForDeploymentPostprocessing = 0;
		};
		8D8A2C442B569CDB00F45E45 /* Sources */ = {
			isa = PBXSourcesBuildPhase;
			buildActionMask = 2147483647;
			files = (
				8D8280C52B57193C00BC7F02 /* Mirror+Extensions.swift in Sources */,
				8D8280CF2B573A4200BC7F02 /* AgoraKitSpy.swift in Sources */,
				8DE496762B576C3600FA0DC9 /* CallViewControllerTests.swift in Sources */,
				8D8280D12B573B4B00BC7F02 /* CommunicationManagerTests.swift in Sources */,
				8DE496642B5752F500FA0DC9 /* DispatchQueueMock.swift in Sources */,
				8DE496732B57649400FA0DC9 /* ProviderSpy.swift in Sources */,
				8DE4966D2B57630000FA0DC9 /* CallingManagerTests.swift in Sources */,
				8DE4965A2B573CE500FA0DC9 /* UIApplicationSpy.swift in Sources */,
				8DE4967C2B576FE000FA0DC9 /* NotificationManagerTests.swift in Sources */,
				8DE496692B575E7500FA0DC9 /* CallViewModelTests.swift in Sources */,
				8DE496712B57644800FA0DC9 /* PermissionsManagerSpy.swift in Sources */,
				8DE496672B575E0600FA0DC9 /* CallingManagerSpy.swift in Sources */,
				8DE4966F2B57632100FA0DC9 /* CommunicationManagerSpy.swift in Sources */,
				8DE4967A2B576EE700FA0DC9 /* CallViewTests.swift in Sources */,
				8DE496782B576C5500FA0DC9 /* CallViewModelSpy.swift in Sources */,
			);
			runOnlyForDeploymentPostprocessing = 0;
		};
/* End PBXSourcesBuildPhase section */

/* Begin PBXTargetDependency section */
		8D8A2C4A2B569CDB00F45E45 /* PBXTargetDependency */ = {
			isa = PBXTargetDependency;
			target = 8D8A2C312B569CD800F45E45 /* CallMeMaybe */;
			targetProxy = 8D8A2C492B569CDB00F45E45 /* PBXContainerItemProxy */;
		};
/* End PBXTargetDependency section */

/* Begin PBXVariantGroup section */
		8D8A2C402B569CDB00F45E45 /* LaunchScreen.storyboard */ = {
			isa = PBXVariantGroup;
			children = (
				8D8A2C412B569CDB00F45E45 /* Base */,
			);
			name = LaunchScreen.storyboard;
			sourceTree = "<group>";
		};
		8DE4967F2B5773E900FA0DC9 /* Localizable.strings */ = {
			isa = PBXVariantGroup;
			children = (
				8DE4967E2B5773E900FA0DC9 /* en */,
				8DE496802B57741E00FA0DC9 /* pt-BR */,
			);
			name = Localizable.strings;
			sourceTree = "<group>";
		};
/* End PBXVariantGroup section */

/* Begin XCBuildConfiguration section */
		8D8A2C5A2B569CDB00F45E45 /* Debug */ = {
			isa = XCBuildConfiguration;
			buildSettings = {
				ALWAYS_SEARCH_USER_PATHS = NO;
				CLANG_ANALYZER_LOCALIZABILITY_NONLOCALIZED = YES;
				CLANG_ANALYZER_NONNULL = YES;
				CLANG_ANALYZER_NUMBER_OBJECT_CONVERSION = YES_AGGRESSIVE;
				CLANG_CXX_LANGUAGE_STANDARD = "gnu++20";
				CLANG_ENABLE_MODULES = YES;
				CLANG_ENABLE_OBJC_ARC = YES;
				CLANG_ENABLE_OBJC_WEAK = YES;
				CLANG_WARN_BLOCK_CAPTURE_AUTORELEASING = YES;
				CLANG_WARN_BOOL_CONVERSION = YES;
				CLANG_WARN_COMMA = YES;
				CLANG_WARN_CONSTANT_CONVERSION = YES;
				CLANG_WARN_DEPRECATED_OBJC_IMPLEMENTATIONS = YES;
				CLANG_WARN_DIRECT_OBJC_ISA_USAGE = YES_ERROR;
				CLANG_WARN_DOCUMENTATION_COMMENTS = YES;
				CLANG_WARN_EMPTY_BODY = YES;
				CLANG_WARN_ENUM_CONVERSION = YES;
				CLANG_WARN_INFINITE_RECURSION = YES;
				CLANG_WARN_INT_CONVERSION = YES;
				CLANG_WARN_NON_LITERAL_NULL_CONVERSION = YES;
				CLANG_WARN_OBJC_IMPLICIT_RETAIN_SELF = YES;
				CLANG_WARN_OBJC_LITERAL_CONVERSION = YES;
				CLANG_WARN_OBJC_ROOT_CLASS = YES_ERROR;
				CLANG_WARN_QUOTED_INCLUDE_IN_FRAMEWORK_HEADER = YES;
				CLANG_WARN_RANGE_LOOP_ANALYSIS = YES;
				CLANG_WARN_STRICT_PROTOTYPES = YES;
				CLANG_WARN_SUSPICIOUS_MOVE = YES;
				CLANG_WARN_UNGUARDED_AVAILABILITY = YES_AGGRESSIVE;
				CLANG_WARN_UNREACHABLE_CODE = YES;
				CLANG_WARN__DUPLICATE_METHOD_MATCH = YES;
				COPY_PHASE_STRIP = NO;
				DEBUG_INFORMATION_FORMAT = dwarf;
				ENABLE_STRICT_OBJC_MSGSEND = YES;
				ENABLE_TESTABILITY = YES;
				GCC_C_LANGUAGE_STANDARD = gnu11;
				GCC_DYNAMIC_NO_PIC = NO;
				GCC_NO_COMMON_BLOCKS = YES;
				GCC_OPTIMIZATION_LEVEL = 0;
				GCC_PREPROCESSOR_DEFINITIONS = (
					"DEBUG=1",
					"$(inherited)",
				);
				GCC_WARN_64_TO_32_BIT_CONVERSION = YES;
				GCC_WARN_ABOUT_RETURN_TYPE = YES_ERROR;
				GCC_WARN_UNDECLARED_SELECTOR = YES;
				GCC_WARN_UNINITIALIZED_AUTOS = YES_AGGRESSIVE;
				GCC_WARN_UNUSED_FUNCTION = YES;
				GCC_WARN_UNUSED_VARIABLE = YES;
				IPHONEOS_DEPLOYMENT_TARGET = 16.4;
				MTL_ENABLE_DEBUG_INFO = INCLUDE_SOURCE;
				MTL_FAST_MATH = YES;
				ONLY_ACTIVE_ARCH = YES;
				SDKROOT = iphoneos;
				SWIFT_ACTIVE_COMPILATION_CONDITIONS = DEBUG;
				SWIFT_OPTIMIZATION_LEVEL = "-Onone";
			};
			name = Debug;
		};
		8D8A2C5B2B569CDB00F45E45 /* Release */ = {
			isa = XCBuildConfiguration;
			buildSettings = {
				ALWAYS_SEARCH_USER_PATHS = NO;
				CLANG_ANALYZER_LOCALIZABILITY_NONLOCALIZED = YES;
				CLANG_ANALYZER_NONNULL = YES;
				CLANG_ANALYZER_NUMBER_OBJECT_CONVERSION = YES_AGGRESSIVE;
				CLANG_CXX_LANGUAGE_STANDARD = "gnu++20";
				CLANG_ENABLE_MODULES = YES;
				CLANG_ENABLE_OBJC_ARC = YES;
				CLANG_ENABLE_OBJC_WEAK = YES;
				CLANG_WARN_BLOCK_CAPTURE_AUTORELEASING = YES;
				CLANG_WARN_BOOL_CONVERSION = YES;
				CLANG_WARN_COMMA = YES;
				CLANG_WARN_CONSTANT_CONVERSION = YES;
				CLANG_WARN_DEPRECATED_OBJC_IMPLEMENTATIONS = YES;
				CLANG_WARN_DIRECT_OBJC_ISA_USAGE = YES_ERROR;
				CLANG_WARN_DOCUMENTATION_COMMENTS = YES;
				CLANG_WARN_EMPTY_BODY = YES;
				CLANG_WARN_ENUM_CONVERSION = YES;
				CLANG_WARN_INFINITE_RECURSION = YES;
				CLANG_WARN_INT_CONVERSION = YES;
				CLANG_WARN_NON_LITERAL_NULL_CONVERSION = YES;
				CLANG_WARN_OBJC_IMPLICIT_RETAIN_SELF = YES;
				CLANG_WARN_OBJC_LITERAL_CONVERSION = YES;
				CLANG_WARN_OBJC_ROOT_CLASS = YES_ERROR;
				CLANG_WARN_QUOTED_INCLUDE_IN_FRAMEWORK_HEADER = YES;
				CLANG_WARN_RANGE_LOOP_ANALYSIS = YES;
				CLANG_WARN_STRICT_PROTOTYPES = YES;
				CLANG_WARN_SUSPICIOUS_MOVE = YES;
				CLANG_WARN_UNGUARDED_AVAILABILITY = YES_AGGRESSIVE;
				CLANG_WARN_UNREACHABLE_CODE = YES;
				CLANG_WARN__DUPLICATE_METHOD_MATCH = YES;
				COPY_PHASE_STRIP = NO;
				DEBUG_INFORMATION_FORMAT = "dwarf-with-dsym";
				ENABLE_NS_ASSERTIONS = NO;
				ENABLE_STRICT_OBJC_MSGSEND = YES;
				GCC_C_LANGUAGE_STANDARD = gnu11;
				GCC_NO_COMMON_BLOCKS = YES;
				GCC_WARN_64_TO_32_BIT_CONVERSION = YES;
				GCC_WARN_ABOUT_RETURN_TYPE = YES_ERROR;
				GCC_WARN_UNDECLARED_SELECTOR = YES;
				GCC_WARN_UNINITIALIZED_AUTOS = YES_AGGRESSIVE;
				GCC_WARN_UNUSED_FUNCTION = YES;
				GCC_WARN_UNUSED_VARIABLE = YES;
				IPHONEOS_DEPLOYMENT_TARGET = 16.4;
				MTL_ENABLE_DEBUG_INFO = NO;
				MTL_FAST_MATH = YES;
				SDKROOT = iphoneos;
				SWIFT_COMPILATION_MODE = wholemodule;
				SWIFT_OPTIMIZATION_LEVEL = "-O";
				VALIDATE_PRODUCT = YES;
			};
			name = Release;
		};
		8D8A2C5D2B569CDB00F45E45 /* Debug */ = {
			isa = XCBuildConfiguration;
			buildSettings = {
				ASSETCATALOG_COMPILER_APPICON_NAME = AppIcon;
				ASSETCATALOG_COMPILER_GLOBAL_ACCENT_COLOR_NAME = AccentColor;
				CODE_SIGN_ENTITLEMENTS = CallMeMaybe/Resources/CallMeMaybe.entitlements;
				CODE_SIGN_IDENTITY = "Apple Development";
				CODE_SIGN_STYLE = Automatic;
				CURRENT_PROJECT_VERSION = 1;
				DEVELOPMENT_TEAM = M5JX3UJK7Q;
				GENERATE_INFOPLIST_FILE = YES;
				INFOPLIST_FILE = CallMeMaybe/Resources/Info.plist;
				INFOPLIST_KEY_NSMicrophoneUsageDescription = "Access the microphone.";
				INFOPLIST_KEY_UIApplicationSupportsIndirectInputEvents = YES;
				INFOPLIST_KEY_UILaunchStoryboardName = Resources/LaunchScreen.storyboard;
				INFOPLIST_KEY_UIMainStoryboardFile = "";
				INFOPLIST_KEY_UISupportedInterfaceOrientations_iPad = "UIInterfaceOrientationPortrait UIInterfaceOrientationPortraitUpsideDown UIInterfaceOrientationLandscapeLeft UIInterfaceOrientationLandscapeRight";
				INFOPLIST_KEY_UISupportedInterfaceOrientations_iPhone = "UIInterfaceOrientationPortrait UIInterfaceOrientationLandscapeLeft UIInterfaceOrientationLandscapeRight";
				IPHONEOS_DEPLOYMENT_TARGET = 13.0;
				LD_RUNPATH_SEARCH_PATHS = (
					"$(inherited)",
					"@executable_path/Frameworks",
				);
				MARKETING_VERSION = 1.0;
				PRODUCT_BUNDLE_IDENTIFIER = "com.marcos.example-voice";
				PRODUCT_NAME = "$(TARGET_NAME)";
				PROVISIONING_PROFILE_SPECIFIER = "";
				SWIFT_EMIT_LOC_STRINGS = YES;
				SWIFT_VERSION = 5.0;
				TARGETED_DEVICE_FAMILY = "1,2";
			};
			name = Debug;
		};
		8D8A2C5E2B569CDB00F45E45 /* Release */ = {
			isa = XCBuildConfiguration;
			buildSettings = {
				ASSETCATALOG_COMPILER_APPICON_NAME = AppIcon;
				ASSETCATALOG_COMPILER_GLOBAL_ACCENT_COLOR_NAME = AccentColor;
				CODE_SIGN_ENTITLEMENTS = CallMeMaybe/Resources/CallMeMaybe.entitlements;
				CODE_SIGN_IDENTITY = "Apple Development";
				CODE_SIGN_STYLE = Automatic;
				CURRENT_PROJECT_VERSION = 1;
				DEVELOPMENT_TEAM = M5JX3UJK7Q;
				GENERATE_INFOPLIST_FILE = YES;
				INFOPLIST_FILE = CallMeMaybe/Resources/Info.plist;
				INFOPLIST_KEY_NSMicrophoneUsageDescription = "Access the microphone.";
				INFOPLIST_KEY_UIApplicationSupportsIndirectInputEvents = YES;
				INFOPLIST_KEY_UILaunchStoryboardName = Resources/LaunchScreen.storyboard;
				INFOPLIST_KEY_UIMainStoryboardFile = "";
				INFOPLIST_KEY_UISupportedInterfaceOrientations_iPad = "UIInterfaceOrientationPortrait UIInterfaceOrientationPortraitUpsideDown UIInterfaceOrientationLandscapeLeft UIInterfaceOrientationLandscapeRight";
				INFOPLIST_KEY_UISupportedInterfaceOrientations_iPhone = "UIInterfaceOrientationPortrait UIInterfaceOrientationLandscapeLeft UIInterfaceOrientationLandscapeRight";
				IPHONEOS_DEPLOYMENT_TARGET = 13.0;
				LD_RUNPATH_SEARCH_PATHS = (
					"$(inherited)",
					"@executable_path/Frameworks",
				);
				MARKETING_VERSION = 1.0;
				PRODUCT_BUNDLE_IDENTIFIER = "com.marcos.example-voice";
				PRODUCT_NAME = "$(TARGET_NAME)";
				PROVISIONING_PROFILE_SPECIFIER = "";
				SWIFT_EMIT_LOC_STRINGS = YES;
				SWIFT_VERSION = 5.0;
				TARGETED_DEVICE_FAMILY = "1,2";
			};
			name = Release;
		};
		8D8A2C602B569CDB00F45E45 /* Debug */ = {
			isa = XCBuildConfiguration;
			buildSettings = {
				ALWAYS_EMBED_SWIFT_STANDARD_LIBRARIES = YES;
				BUNDLE_LOADER = "$(TEST_HOST)";
				CODE_SIGN_STYLE = Automatic;
				CURRENT_PROJECT_VERSION = 1;
				DEVELOPMENT_TEAM = M5JX3UJK7Q;
				GENERATE_INFOPLIST_FILE = YES;
				IPHONEOS_DEPLOYMENT_TARGET = 13.0;
				MARKETING_VERSION = 1.0;
				PRODUCT_BUNDLE_IDENTIFIER = com.marcos.CallMeMaybeTests;
				PRODUCT_NAME = "$(TARGET_NAME)";
				SWIFT_EMIT_LOC_STRINGS = NO;
				SWIFT_VERSION = 5.0;
				TARGETED_DEVICE_FAMILY = "1,2";
				TEST_HOST = "$(BUILT_PRODUCTS_DIR)/CallMeMaybe.app/$(BUNDLE_EXECUTABLE_FOLDER_PATH)/CallMeMaybe";
			};
			name = Debug;
		};
		8D8A2C612B569CDB00F45E45 /* Release */ = {
			isa = XCBuildConfiguration;
			buildSettings = {
				ALWAYS_EMBED_SWIFT_STANDARD_LIBRARIES = YES;
				BUNDLE_LOADER = "$(TEST_HOST)";
				CODE_SIGN_STYLE = Automatic;
				CURRENT_PROJECT_VERSION = 1;
				DEVELOPMENT_TEAM = M5JX3UJK7Q;
				GENERATE_INFOPLIST_FILE = YES;
				IPHONEOS_DEPLOYMENT_TARGET = 13.0;
				MARKETING_VERSION = 1.0;
				PRODUCT_BUNDLE_IDENTIFIER = com.marcos.CallMeMaybeTests;
				PRODUCT_NAME = "$(TARGET_NAME)";
				SWIFT_EMIT_LOC_STRINGS = NO;
				SWIFT_VERSION = 5.0;
				TARGETED_DEVICE_FAMILY = "1,2";
				TEST_HOST = "$(BUILT_PRODUCTS_DIR)/CallMeMaybe.app/$(BUNDLE_EXECUTABLE_FOLDER_PATH)/CallMeMaybe";
			};
			name = Release;
		};
/* End XCBuildConfiguration section */

/* Begin XCConfigurationList section */
		8D8A2C2D2B569CD800F45E45 /* Build configuration list for PBXProject "CallMeMaybe" */ = {
			isa = XCConfigurationList;
			buildConfigurations = (
				8D8A2C5A2B569CDB00F45E45 /* Debug */,
				8D8A2C5B2B569CDB00F45E45 /* Release */,
			);
			defaultConfigurationIsVisible = 0;
			defaultConfigurationName = Release;
		};
		8D8A2C5C2B569CDB00F45E45 /* Build configuration list for PBXNativeTarget "CallMeMaybe" */ = {
			isa = XCConfigurationList;
			buildConfigurations = (
				8D8A2C5D2B569CDB00F45E45 /* Debug */,
				8D8A2C5E2B569CDB00F45E45 /* Release */,
			);
			defaultConfigurationIsVisible = 0;
			defaultConfigurationName = Release;
		};
		8D8A2C5F2B569CDB00F45E45 /* Build configuration list for PBXNativeTarget "CallMeMaybeTests" */ = {
			isa = XCConfigurationList;
			buildConfigurations = (
				8D8A2C602B569CDB00F45E45 /* Debug */,
				8D8A2C612B569CDB00F45E45 /* Release */,
			);
			defaultConfigurationIsVisible = 0;
			defaultConfigurationName = Release;
		};
/* End XCConfigurationList section */

/* Begin XCRemoteSwiftPackageReference section */
		8D8A2C672B56A20400F45E45 /* XCRemoteSwiftPackageReference "AgoraRtcEngine_iOS" */ = {
			isa = XCRemoteSwiftPackageReference;
			repositoryURL = "https://github.com/AgoraIO/AgoraRtcEngine_iOS.git";
			requirement = {
				kind = upToNextMajorVersion;
				minimumVersion = 4.0.0;
			};
		};
		8DE4965B2B573D6A00FA0DC9 /* XCRemoteSwiftPackageReference "Quick" */ = {
			isa = XCRemoteSwiftPackageReference;
			repositoryURL = "https://github.com/Quick/Quick";
			requirement = {
				kind = upToNextMajorVersion;
				minimumVersion = 7.0.0;
			};
		};
		8DE4965E2B573D8700FA0DC9 /* XCRemoteSwiftPackageReference "Nimble" */ = {
			isa = XCRemoteSwiftPackageReference;
			repositoryURL = "https://github.com/Quick/Nimble";
			requirement = {
				kind = upToNextMajorVersion;
				minimumVersion = 13.0.0;
			};
		};
/* End XCRemoteSwiftPackageReference section */

/* Begin XCSwiftPackageProductDependency section */
		8D8A2C692B56A2A400F45E45 /* RtcBasic */ = {
			isa = XCSwiftPackageProductDependency;
			package = 8D8A2C672B56A20400F45E45 /* XCRemoteSwiftPackageReference "AgoraRtcEngine_iOS" */;
			productName = RtcBasic;
		};
		8DE4965C2B573D6A00FA0DC9 /* Quick */ = {
			isa = XCSwiftPackageProductDependency;
			package = 8DE4965B2B573D6A00FA0DC9 /* XCRemoteSwiftPackageReference "Quick" */;
			productName = Quick;
		};
		8DE4965F2B573D8700FA0DC9 /* Nimble */ = {
			isa = XCSwiftPackageProductDependency;
			package = 8DE4965E2B573D8700FA0DC9 /* XCRemoteSwiftPackageReference "Nimble" */;
			productName = Nimble;
		};
/* End XCSwiftPackageProductDependency section */
	};
	rootObject = 8D8A2C2A2B569CD800F45E45 /* Project object */;
}
